
Microsoft Visual Studio Solution File, Format Version 12.00
# Visual Studio 2013
VisualStudioVersion = 12.0.21005.1
MinimumVisualStudioVersion = 10.0.40219.1
Project("{FAE04EC0-301F-11D3-BF4B-00C04F79EFBC}") = "Implementation", "Implementation\Implementation.csproj", "{D18084E6-BEC1-4603-A1EC-35A06861C47C}"
EndProject
Project("{FAE04EC0-301F-11D3-BF4B-00C04F79EFBC}") = "Resources", "Resources\Resources\Resources.csproj", "{D05CD768-CBF8-4C73-8641-771745451928}"
EndProject
Project("{96E2B04D-8817-42C6-938A-82C39BA4D311}") = "ResourcesContent", "Resources\ResourcesContent\ResourcesContent.contentproj", "{477B7996-73EB-4DC1-AD06-E01409E16104}"
EndProject
Global
	GlobalSection(SolutionConfigurationPlatforms) = preSolution
		Android|Any CPU = Android|Any CPU
		Android|Mixed Platforms = Android|Mixed Platforms
		Android|x86 = Android|x86
		Debug|Any CPU = Debug|Any CPU
		Debug|Mixed Platforms = Debug|Mixed Platforms
		Debug|x86 = Debug|x86
		iOS|Any CPU = iOS|Any CPU
		iOS|Mixed Platforms = iOS|Mixed Platforms
		iOS|x86 = iOS|x86
		Linux|Any CPU = Linux|Any CPU
		Linux|Mixed Platforms = Linux|Mixed Platforms
		Linux|x86 = Linux|x86
		OSX|Any CPU = OSX|Any CPU
		OSX|Mixed Platforms = OSX|Mixed Platforms
		OSX|x86 = OSX|x86
		PSM|Any CPU = PSM|Any CPU
		PSM|Mixed Platforms = PSM|Mixed Platforms
		PSM|x86 = PSM|x86
		Release|Any CPU = Release|Any CPU
		Release|Mixed Platforms = Release|Mixed Platforms
		Release|x86 = Release|x86
		Windows|Any CPU = Windows|Any CPU
		Windows|Mixed Platforms = Windows|Mixed Platforms
		Windows|x86 = Windows|x86
		Windows8|Any CPU = Windows8|Any CPU
		Windows8|Mixed Platforms = Windows8|Mixed Platforms
		Windows8|x86 = Windows8|x86
	EndGlobalSection
	GlobalSection(ProjectConfigurationPlatforms) = postSolution
		{D18084E6-BEC1-4603-A1EC-35A06861C47C}.Android|Any CPU.ActiveCfg = Release|x86
		{D18084E6-BEC1-4603-A1EC-35A06861C47C}.Android|Mixed Platforms.ActiveCfg = Release|x86
		{D18084E6-BEC1-4603-A1EC-35A06861C47C}.Android|Mixed Platforms.Build.0 = Release|x86
		{D18084E6-BEC1-4603-A1EC-35A06861C47C}.Android|x86.ActiveCfg = Release|x86
		{D18084E6-BEC1-4603-A1EC-35A06861C47C}.Android|x86.Build.0 = Release|x86
		{D18084E6-BEC1-4603-A1EC-35A06861C47C}.Debug|Any CPU.ActiveCfg = Debug|x86
		{D18084E6-BEC1-4603-A1EC-35A06861C47C}.Debug|Mixed Platforms.ActiveCfg = Debug|x86
		{D18084E6-BEC1-4603-A1EC-35A06861C47C}.Debug|Mixed Platforms.Build.0 = Debug|x86
		{D18084E6-BEC1-4603-A1EC-35A06861C47C}.Debug|x86.ActiveCfg = Debug|x86
		{D18084E6-BEC1-4603-A1EC-35A06861C47C}.Debug|x86.Build.0 = Debug|x86
		{D18084E6-BEC1-4603-A1EC-35A06861C47C}.iOS|Any CPU.ActiveCfg = Release|x86
		{D18084E6-BEC1-4603-A1EC-35A06861C47C}.iOS|Mixed Platforms.ActiveCfg = Release|x86
		{D18084E6-BEC1-4603-A1EC-35A06861C47C}.iOS|Mixed Platforms.Build.0 = Release|x86
		{D18084E6-BEC1-4603-A1EC-35A06861C47C}.iOS|x86.ActiveCfg = Release|x86
		{D18084E6-BEC1-4603-A1EC-35A06861C47C}.iOS|x86.Build.0 = Release|x86
		{D18084E6-BEC1-4603-A1EC-35A06861C47C}.Linux|Any CPU.ActiveCfg = Release|x86
		{D18084E6-BEC1-4603-A1EC-35A06861C47C}.Linux|Mixed Platforms.ActiveCfg = Release|x86
		{D18084E6-BEC1-4603-A1EC-35A06861C47C}.Linux|Mixed Platforms.Build.0 = Release|x86
		{D18084E6-BEC1-4603-A1EC-35A06861C47C}.Linux|x86.ActiveCfg = Release|x86
		{D18084E6-BEC1-4603-A1EC-35A06861C47C}.Linux|x86.Build.0 = Release|x86
		{D18084E6-BEC1-4603-A1EC-35A06861C47C}.OSX|Any CPU.ActiveCfg = Release|x86
		{D18084E6-BEC1-4603-A1EC-35A06861C47C}.OSX|Mixed Platforms.ActiveCfg = Release|x86
		{D18084E6-BEC1-4603-A1EC-35A06861C47C}.OSX|Mixed Platforms.Build.0 = Release|x86
		{D18084E6-BEC1-4603-A1EC-35A06861C47C}.OSX|x86.ActiveCfg = Release|x86
		{D18084E6-BEC1-4603-A1EC-35A06861C47C}.OSX|x86.Build.0 = Release|x86
		{D18084E6-BEC1-4603-A1EC-35A06861C47C}.PSM|Any CPU.ActiveCfg = Release|x86
		{D18084E6-BEC1-4603-A1EC-35A06861C47C}.PSM|Mixed Platforms.ActiveCfg = Release|x86
		{D18084E6-BEC1-4603-A1EC-35A06861C47C}.PSM|Mixed Platforms.Build.0 = Release|x86
		{D18084E6-BEC1-4603-A1EC-35A06861C47C}.PSM|x86.ActiveCfg = Release|x86
		{D18084E6-BEC1-4603-A1EC-35A06861C47C}.PSM|x86.Build.0 = Release|x86
		{D18084E6-BEC1-4603-A1EC-35A06861C47C}.Release|Any CPU.ActiveCfg = Release|x86
		{D18084E6-BEC1-4603-A1EC-35A06861C47C}.Release|Mixed Platforms.ActiveCfg = Release|x86
		{D18084E6-BEC1-4603-A1EC-35A06861C47C}.Release|Mixed Platforms.Build.0 = Release|x86
		{D18084E6-BEC1-4603-A1EC-35A06861C47C}.Release|x86.ActiveCfg = Release|x86
		{D18084E6-BEC1-4603-A1EC-35A06861C47C}.Release|x86.Build.0 = Release|x86
		{D18084E6-BEC1-4603-A1EC-35A06861C47C}.Windows|Any CPU.ActiveCfg = Release|x86
		{D18084E6-BEC1-4603-A1EC-35A06861C47C}.Windows|Mixed Platforms.ActiveCfg = Release|x86
		{D18084E6-BEC1-4603-A1EC-35A06861C47C}.Windows|Mixed Platforms.Build.0 = Release|x86
		{D18084E6-BEC1-4603-A1EC-35A06861C47C}.Windows|x86.ActiveCfg = Release|x86
		{D18084E6-BEC1-4603-A1EC-35A06861C47C}.Windows|x86.Build.0 = Release|x86
		{D18084E6-BEC1-4603-A1EC-35A06861C47C}.Windows8|Any CPU.ActiveCfg = Release|x86
		{D18084E6-BEC1-4603-A1EC-35A06861C47C}.Windows8|Mixed Platforms.ActiveCfg = Release|x86
		{D18084E6-BEC1-4603-A1EC-35A06861C47C}.Windows8|Mixed Platforms.Build.0 = Release|x86
		{D18084E6-BEC1-4603-A1EC-35A06861C47C}.Windows8|x86.ActiveCfg = Release|x86
		{D18084E6-BEC1-4603-A1EC-35A06861C47C}.Windows8|x86.Build.0 = Release|x86
		{D05CD768-CBF8-4C73-8641-771745451928}.Android|Any CPU.ActiveCfg = Android|Any CPU
		{D05CD768-CBF8-4C73-8641-771745451928}.Android|Any CPU.Build.0 = Android|Any CPU
		{D05CD768-CBF8-4C73-8641-771745451928}.Android|Mixed Platforms.ActiveCfg = Android|Any CPU
		{D05CD768-CBF8-4C73-8641-771745451928}.Android|Mixed Platforms.Build.0 = Android|Any CPU
		{D05CD768-CBF8-4C73-8641-771745451928}.Android|x86.ActiveCfg = Android|Any CPU
		{D05CD768-CBF8-4C73-8641-771745451928}.Debug|Any CPU.ActiveCfg = PSM|Any CPU
		{D05CD768-CBF8-4C73-8641-771745451928}.Debug|Any CPU.Build.0 = PSM|Any CPU
		{D05CD768-CBF8-4C73-8641-771745451928}.Debug|Mixed Platforms.ActiveCfg = PSM|Any CPU
		{D05CD768-CBF8-4C73-8641-771745451928}.Debug|Mixed Platforms.Build.0 = PSM|Any CPU
		{D05CD768-CBF8-4C73-8641-771745451928}.Debug|x86.ActiveCfg = PSM|Any CPU
		{D05CD768-CBF8-4C73-8641-771745451928}.iOS|Any CPU.ActiveCfg = iOS|Any CPU
		{D05CD768-CBF8-4C73-8641-771745451928}.iOS|Any CPU.Build.0 = iOS|Any CPU
		{D05CD768-CBF8-4C73-8641-771745451928}.iOS|Mixed Platforms.ActiveCfg = iOS|Any CPU
		{D05CD768-CBF8-4C73-8641-771745451928}.iOS|Mixed Platforms.Build.0 = iOS|Any CPU
		{D05CD768-CBF8-4C73-8641-771745451928}.iOS|x86.ActiveCfg = iOS|Any CPU
		{D05CD768-CBF8-4C73-8641-771745451928}.Linux|Any CPU.ActiveCfg = Linux|Any CPU
		{D05CD768-CBF8-4C73-8641-771745451928}.Linux|Any CPU.Build.0 = Linux|Any CPU
		{D05CD768-CBF8-4C73-8641-771745451928}.Linux|Mixed Platforms.ActiveCfg = Linux|Any CPU
		{D05CD768-CBF8-4C73-8641-771745451928}.Linux|Mixed Platforms.Build.0 = Linux|Any CPU
		{D05CD768-CBF8-4C73-8641-771745451928}.Linux|x86.ActiveCfg = Linux|Any CPU
		{D05CD768-CBF8-4C73-8641-771745451928}.OSX|Any CPU.ActiveCfg = OSX|Any CPU
		{D05CD768-CBF8-4C73-8641-771745451928}.OSX|Any CPU.Build.0 = OSX|Any CPU
		{D05CD768-CBF8-4C73-8641-771745451928}.OSX|Mixed Platforms.ActiveCfg = OSX|Any CPU
		{D05CD768-CBF8-4C73-8641-771745451928}.OSX|Mixed Platforms.Build.0 = OSX|Any CPU
		{D05CD768-CBF8-4C73-8641-771745451928}.OSX|x86.ActiveCfg = OSX|Any CPU
		{D05CD768-CBF8-4C73-8641-771745451928}.PSM|Any CPU.ActiveCfg = PSM|Any CPU
		{D05CD768-CBF8-4C73-8641-771745451928}.PSM|Any CPU.Build.0 = PSM|Any CPU
		{D05CD768-CBF8-4C73-8641-771745451928}.PSM|Mixed Platforms.ActiveCfg = PSM|Any CPU
		{D05CD768-CBF8-4C73-8641-771745451928}.PSM|Mixed Platforms.Build.0 = PSM|Any CPU
		{D05CD768-CBF8-4C73-8641-771745451928}.PSM|x86.ActiveCfg = PSM|Any CPU
		{D05CD768-CBF8-4C73-8641-771745451928}.Release|Any CPU.ActiveCfg = PSM|Any CPU
		{D05CD768-CBF8-4C73-8641-771745451928}.Release|Any CPU.Build.0 = PSM|Any CPU
		{D05CD768-CBF8-4C73-8641-771745451928}.Release|Mixed Platforms.ActiveCfg = PSM|Any CPU
		{D05CD768-CBF8-4C73-8641-771745451928}.Release|Mixed Platforms.Build.0 = PSM|Any CPU
		{D05CD768-CBF8-4C73-8641-771745451928}.Release|x86.ActiveCfg = PSM|Any CPU
		{D05CD768-CBF8-4C73-8641-771745451928}.Windows|Any CPU.ActiveCfg = Windows|Any CPU
		{D05CD768-CBF8-4C73-8641-771745451928}.Windows|Any CPU.Build.0 = Windows|Any CPU
		{D05CD768-CBF8-4C73-8641-771745451928}.Windows|Mixed Platforms.ActiveCfg = Windows|Any CPU
		{D05CD768-CBF8-4C73-8641-771745451928}.Windows|Mixed Platforms.Build.0 = Windows|Any CPU
		{D05CD768-CBF8-4C73-8641-771745451928}.Windows|x86.ActiveCfg = Windows|Any CPU
		{D05CD768-CBF8-4C73-8641-771745451928}.Windows8|Any CPU.ActiveCfg = Windows8|Any CPU
		{D05CD768-CBF8-4C73-8641-771745451928}.Windows8|Any CPU.Build.0 = Windows8|Any CPU
		{D05CD768-CBF8-4C73-8641-771745451928}.Windows8|Mixed Platforms.ActiveCfg = Windows8|Any CPU
		{D05CD768-CBF8-4C73-8641-771745451928}.Windows8|Mixed Platforms.Build.0 = Windows8|Any CPU
		{D05CD768-CBF8-4C73-8641-771745451928}.Windows8|x86.ActiveCfg = Windows8|Any CPU
		{477B7996-73EB-4DC1-AD06-E01409E16104}.Android|Any CPU.ActiveCfg = Android|Any CPU
		{477B7996-73EB-4DC1-AD06-E01409E16104}.Android|Mixed Platforms.ActiveCfg = Android|Any CPU
		{477B7996-73EB-4DC1-AD06-E01409E16104}.Android|x86.ActiveCfg = Android|Any CPU
		{477B7996-73EB-4DC1-AD06-E01409E16104}.Debug|Any CPU.ActiveCfg = PSM|Any CPU
		{477B7996-73EB-4DC1-AD06-E01409E16104}.Debug|Mixed Platforms.ActiveCfg = PSM|Any CPU
		{477B7996-73EB-4DC1-AD06-E01409E16104}.Debug|x86.ActiveCfg = PSM|Any CPU
		{477B7996-73EB-4DC1-AD06-E01409E16104}.iOS|Any CPU.ActiveCfg = iOS|Any CPU
		{477B7996-73EB-4DC1-AD06-E01409E16104}.iOS|Mixed Platforms.ActiveCfg = iOS|Any CPU
		{477B7996-73EB-4DC1-AD06-E01409E16104}.iOS|x86.ActiveCfg = iOS|Any CPU
		{477B7996-73EB-4DC1-AD06-E01409E16104}.Linux|Any CPU.ActiveCfg = Linux|Any CPU
		{477B7996-73EB-4DC1-AD06-E01409E16104}.Linux|Mixed Platforms.ActiveCfg = Linux|Any CPU
		{477B7996-73EB-4DC1-AD06-E01409E16104}.Linux|x86.ActiveCfg = Linux|Any CPU
		{477B7996-73EB-4DC1-AD06-E01409E16104}.OSX|Any CPU.ActiveCfg = OSX|Any CPU
		{477B7996-73EB-4DC1-AD06-E01409E16104}.OSX|Mixed Platforms.ActiveCfg = OSX|Any CPU
		{477B7996-73EB-4DC1-AD06-E01409E16104}.OSX|x86.ActiveCfg = OSX|Any CPU
		{477B7996-73EB-4DC1-AD06-E01409E16104}.PSM|Any CPU.ActiveCfg = PSM|Any CPU
		{477B7996-73EB-4DC1-AD06-E01409E16104}.PSM|Mixed Platforms.ActiveCfg = PSM|Any CPU
		{477B7996-73EB-4DC1-AD06-E01409E16104}.PSM|x86.ActiveCfg = PSM|Any CPU
		{477B7996-73EB-4DC1-AD06-E01409E16104}.Release|Any CPU.ActiveCfg = PSM|Any CPU
		{477B7996-73EB-4DC1-AD06-E01409E16104}.Release|Mixed Platforms.ActiveCfg = PSM|Any CPU
		{477B7996-73EB-4DC1-AD06-E01409E16104}.Release|x86.ActiveCfg = PSM|Any CPU
		{477B7996-73EB-4DC1-AD06-E01409E16104}.Windows|Any CPU.ActiveCfg = Windows|Any CPU
		{477B7996-73EB-4DC1-AD06-E01409E16104}.Windows|Mixed Platforms.ActiveCfg = Windows|Any CPU
		{477B7996-73EB-4DC1-AD06-E01409E16104}.Windows|x86.ActiveCfg = Windows|Any CPU
		{477B7996-73EB-4DC1-AD06-E01409E16104}.Windows8|Any CPU.ActiveCfg = Windows8|Any CPU
		{477B7996-73EB-4DC1-AD06-E01409E16104}.Windows8|Mixed Platforms.ActiveCfg = Windows8|Any CPU
		{477B7996-73EB-4DC1-AD06-E01409E16104}.Windows8|x86.ActiveCfg = Windows8|Any CPU
	EndGlobalSection
	GlobalSection(SolutionProperties) = preSolution
		HideSolutionNode = FALSE
	EndGlobalSection
EndGlobal
